
Microsoft Visual Studio Solution File, Format Version 12.00
# Visual Studio 15
VisualStudioVersion = 15.0.33423.255
MinimumVisualStudioVersion = 10.0.40219.1
Project("{FAE04EC0-301F-11D3-BF4B-00C04F79EFBC}") = "TolyMusic for PC", "TolyMusic for PC\TolyMusic for PC.csproj", "{3A202C7E-4A5D-4A01-B354-6AB5347FC006}"
EndProject
Project("{FAE04EC0-301F-11D3-BF4B-00C04F79EFBC}") = "StreamingTest", "StreamingTest\StreamingTest.csproj", "{A5AE7DCA-317B-41D5-9696-A14B751D003F}"
EndProject
Global
	GlobalSection(SolutionConfigurationPlatforms) = preSolution
		Debug|Any CPU = Debug|Any CPU
		Release|Any CPU = Release|Any CPU
	EndGlobalSection
	GlobalSection(ProjectConfigurationPlatforms) = postSolution
		{3A202C7E-4A5D-4A01-B354-6AB5347FC006}.Debug|Any CPU.ActiveCfg = Debug|Any CPU
		{3A202C7E-4A5D-4A01-B354-6AB5347FC006}.Debug|Any CPU.Build.0 = Debug|Any CPU
		{3A202C7E-4A5D-4A01-B354-6AB5347FC006}.Release|Any CPU.ActiveCfg = Release|Any CPU
		{3A202C7E-4A5D-4A01-B354-6AB5347FC006}.Release|Any CPU.Build.0 = Release|Any CPU
		{A5AE7DCA-317B-41D5-9696-A14B751D003F}.Debug|Any CPU.ActiveCfg = Debug|Any CPU
		{A5AE7DCA-317B-41D5-9696-A14B751D003F}.Debug|Any CPU.Build.0 = Debug|Any CPU
		{A5AE7DCA-317B-41D5-9696-A14B751D003F}.Release|Any CPU.ActiveCfg = Release|Any CPU
		{A5AE7DCA-317B-41D5-9696-A14B751D003F}.Release|Any CPU.Build.0 = Release|Any CPU
	EndGlobalSection
	GlobalSection(SolutionProperties) = preSolution
		HideSolutionNode = FALSE
	EndGlobalSection
	GlobalSection(ExtensibilityGlobals) = postSolution
		SolutionGuid = {EB1DBE8F-128D-42B0-A8EC-1814F7BE12B6}
	EndGlobalSection
EndGlobal
